{
  "version": 1,
  "dependencies": {
    "net8.0": {
      "RavenDB.Client": {
        "type": "Direct",
        "requested": "[7.2.6, )",
        "resolved": "7.2.6",
        "contentHash": "ZueHqGL8pOHUZfkODU+NUce7QiWpH/YkK4nctT6QCiXMOSDlQ2qq0vUu8biv7/qh1dJy5UCLlsNdEvQqD7VCgg==",
        "dependencies": {
          "Lambda2Js.Signed": "3.1.4",
          "Microsoft.AspNetCore.JsonPatch": "10.0.11",
          "Microsoft.IO.RecyclableMemoryStream": "3.0.1",
          "Newtonsoft.Json": "13.0.4",
          "Nito.AsyncEx.Coordination": "5.1.2"
        }
      },
      "SharpCompress": {
        "type": "Direct",
        "requested": "[0.49.1, )",
        "resolved": "0.49.1",
        "contentHash": "Meygd8HAnUgqYzxvCsaYR5XnZAG2xBmxkQHVGi/HkCjrvEq+tiM+VPQRvYLxsbse3KUmec65ccdMiOXv8CkjsA=="
      },
      "Lambda2Js.Signed": {
        "type": "Transitive",
        "resolved": "3.1.4",
        "contentHash": "Ryzu7T7ZzjQxTGxCSInAe0ZO3gbskW09qizdnrTUbZeNOyJzbdcQ39ylj4mJEYFeOUO1DQ1RqtBhQdiaMTSC6g=="
      },
      "Microsoft.AspNetCore.JsonPatch": {
        "type": "Transitive",
        "resolved": "10.0.11",
        "contentHash": "IE0B7q5/bUAHoOvffJnOfaf5zIxeEpr5Jel4ZLzLyi8L4v1ihYwG88lLn7y2U3P9QXvY3lOG5TFLnF3zXZ+ykg==",
        "dependencies": {
          "Microsoft.CSharp": "4.7.0",
          "Newtonsoft.Json": "13.0.3"
        }
      },
      "Microsoft.CSharp": {
        "type": "Transitive",
        "resolved": "4.7.0",
        "contentHash": "pTj+D3uJWyN3My70i2Hqo+OXixq3Os2D1nJ2x92FFo6sk8fYS1m1WLNTs0Dc1uPaViH0YvEEwvzddQ7y4rhXmA=="
      },
      "Microsoft.IO.RecyclableMemoryStream": {
        "type": "Transitive",
        "resolved": "3.0.1",
        "contentHash": "s/s20YTVY9r9TPfTrN5g8zPF1YhwxyqO6PxUkrYTGI2B+OGPe9AdajWZrLhFqXIvqIW23fnUE4+ztrUWNU1+9g=="
      },
      "Newtonsoft.Json": {
        "type": "Transitive",
        "resolved": "13.0.4",
        "contentHash": "pdgNNMai3zv51W5aq268sujXUyx7SNdE2bj1wZcWjAQrKMFZV260lbqYop1d2GM67JI1huLRwxo9ZqnfF/lC6A=="
      },
      "Nito.AsyncEx.Coordination": {
        "type": "Transitive",
        "resolved": "5.1.2",
        "contentHash": "QMyUfsaxov//0ZMbOHWr9hJaBFteZd66DV1ay4J5wRODDb8+K/uHC7+3VsOflo6SVw/29mu8OWZp8vMDSuzc0w==",
        "dependencies": {
          "Nito.AsyncEx.Tasks": "5.1.2",
          "Nito.Collections.Deque": "1.1.1"
        }
      },
      "Nito.AsyncEx.Tasks": {
        "type": "Transitive",
        "resolved": "5.1.2",
        "contentHash": "jEkCfR2/M26OK/U4G7SEN063EU/F4LiVA06TtpZILMdX/quIHCg+wn31Zerl2LC+u1cyFancjTY3cNAr2/89PA==",
        "dependencies": {
          "Nito.Disposables": "2.2.1"
        }
      },
      "Nito.Collections.Deque": {
        "type": "Transitive",
        "resolved": "1.1.1",
        "contentHash": "CU0/Iuv5VDynK8I8pDLwkgF0rZhbQoZahtodfL0M3x2gFkpBRApKs8RyMyNlAi1mwExE4gsmqQXk4aFVvW9a4Q=="
      },
      "Nito.Disposables": {
        "type": "Transitive",
        "resolved": "2.2.1",
        "contentHash": "6sZ5uynQeAE9dPWBQGKebNmxbY4xsvcc5VplB5WkYEESUS7oy4AwnFp0FhqxTSKm/PaFrFqLrYr696CYN8cugg==",
        "dependencies": {
          "System.Collections.Immutable": "1.7.1"
        }
      },
      "System.Collections.Immutable": {
        "type": "Transitive",
        "resolved": "1.7.1",
        "contentHash": "B43Zsz5EfMwyEbnObwRxW5u85fzJma3lrDeGcSAV1qkhSRTNY5uXAByTn9h9ddNdhM+4/YoLc/CI43umjwIl9Q=="
      }
    }
  }
}